// !$*UTF8*$!
{
	archiveVersion = 1;
	classes = {
	};
	objectVersion = 46;
	objects = {

/* Begin PBXBuildFile section */
		5CD22E10201EC070002B227B /* main.m in Sources */ = {isa = PBXBuildFile; fileRef = 5CD22E0F201EC070002B227B /* main.m */; };
		5CD22E13201EC070002B227B /* AppDelegate.m in Sources */ = {isa = PBXBuildFile; fileRef = 5CD22E12201EC070002B227B /* AppDelegate.m */; };
		5CD22E16201EC070002B227B /* ViewController.m in Sources */ = {isa = PBXBuildFile; fileRef = 5CD22E15201EC070002B227B /* ViewController.m */; };
		5CD22E19201EC070002B227B /* Main.storyboard in Resources */ = {isa = PBXBuildFile; fileRef = 5CD22E17201EC070002B227B /* Main.storyboard */; };
		5CD22E1B201EC070002B227B /* Assets.xcassets in Resources */ = {isa = PBXBuildFile; fileRef = 5CD22E1A201EC070002B227B /* Assets.xcassets */; };
		5CD22E1E201EC070002B227B /* LaunchScreen.storyboard in Resources */ = {isa = PBXBuildFile; fileRef = 5CD22E1C201EC070002B227B /* LaunchScreen.storyboard */; };
		5CD22E29201EC070002B227B /* HeHeThirdCodeTests.m in Sources */ = {isa = PBXBuildFile; fileRef = 5CD22E28201EC070002B227B /* HeHeThirdCodeTests.m */; };
		5CD22E34201EC070002B227B /* HeHeThirdCodeUITests.m in Sources */ = {isa = PBXBuildFile; fileRef = 5CD22E33201EC070002B227B /* HeHeThirdCodeUITests.m */; };
/* End PBXBuildFile section */

/* Begin PBXContainerItemProxy section */
		5CD22E25201EC070002B227B /* PBXContainerItemProxy */ = {
			isa = PBXContainerItemProxy;
			containerPortal = 5CD22E03201EC070002B227B /* Project object */;
			proxyType = 1;
			remoteGlobalIDString = 5CD22E0A201EC070002B227B;
			remoteInfo = HeHeThirdCode;
		};
		5CD22E30201EC070002B227B /* PBXContainerItemProxy */ = {
			isa = PBXContainerItemProxy;
			containerPortal = 5CD22E03201EC070002B227B /* Project object */;
			proxyType = 1;
			remoteGlobalIDString = 5CD22E0A201EC070002B227B;
			remoteInfo = HeHeThirdCode;
		};
/* End PBXContainerItemProxy section */

/* Begin PBXFileReference section */
		5CD22E0B201EC070002B227B /* HeHeThirdCode.app */ = {isa = PBXFileReference; explicitFileType = wrapper.application; includeInIndex = 0; path = HeHeThirdCode.app; sourceTree = BUILT_PRODUCTS_DIR; };
		5CD22E0F201EC070002B227B /* main.m */ = {isa = PBXFileReference; lastKnownFileType = sourcecode.c.objc; path = main.m; sourceTree = "<group>"; };
		5CD22E11201EC070002B227B /* AppDelegate.h */ = {isa = PBXFileReference; lastKnownFileType = sourcecode.c.h; path = AppDelegate.h; sourceTree = "<group>"; };
		5CD22E12201EC070002B227B /* AppDelegate.m */ = {isa = PBXFileReference; lastKnownFileType = sourcecode.c.objc; path = AppDelegate.m; sourceTree = "<group>"; };
		5CD22E14201EC070002B227B /* ViewController.h */ = {isa = PBXFileReference; lastKnownFileType = sourcecode.c.h; path = ViewController.h; sourceTree = "<group>"; };
		5CD22E15201EC070002B227B /* ViewController.m */ = {isa = PBXFileReference; lastKnownFileType = sourcecode.c.objc; path = ViewController.m; sourceTree = "<group>"; };
		5CD22E18201EC070002B227B /* Base */ = {isa = PBXFileReference; lastKnownFileType = file.storyboard; name = Base; path = Base.lproj/Main.storyboard; sourceTree = "<group>"; };
		5CD22E1A201EC070002B227B /* Assets.xcassets */ = {isa = PBXFileReference; lastKnownFileType = folder.assetcatalog; path = Assets.xcassets; sourceTree = "<group>"; };
		5CD22E1D201EC070002B227B /* Base */ = {isa = PBXFileReference; lastKnownFileType = file.storyboard; name = Base; path = Base.lproj/LaunchScreen.storyboard; sourceTree = "<group>"; };
		5CD22E1F201EC070002B227B /* Info.plist */ = {isa = PBXFileReference; lastKnownFileType = text.plist.xml; path = Info.plist; sourceTree = "<group>"; };
		5CD22E24201EC070002B227B /* HeHeThirdCodeTests.xctest */ = {isa = PBXFileReference; explicitFileType = wrapper.cfbundle; includeInIndex = 0; path = HeHeThirdCodeTests.xctest; sourceTree = BUILT_PRODUCTS_DIR; };
		5CD22E28201EC070002B227B /* HeHeThirdCodeTests.m */ = {isa = PBXFileReference; lastKnownFileType = sourcecode.c.objc; path = HeHeThirdCodeTests.m; sourceTree = "<group>"; };
		5CD22E2A201EC070002B227B /* Info.plist */ = {isa = PBXFileReference; lastKnownFileType = text.plist.xml; path = Info.plist; sourceTree = "<group>"; };
		5CD22E2F201EC070002B227B /* HeHeThirdCodeUITests.xctest */ = {isa = PBXFileReference; explicitFileType = wrapper.cfbundle; includeInIndex = 0; path = HeHeThirdCodeUITests.xctest; sourceTree = BUILT_PRODUCTS_DIR; };
		5CD22E33201EC070002B227B /* HeHeThirdCodeUITests.m */ = {isa = PBXFileReference; lastKnownFileType = sourcecode.c.objc; path = HeHeThirdCodeUITests.m; sourceTree = "<group>"; };
		5CD22E35201EC070002B227B /* Info.plist */ = {isa = PBXFileReference; lastKnownFileType = text.plist.xml; path = Info.plist; sourceTree = "<group>"; };
/* End PBXFileReference section */

/* Begin PBXFrameworksBuildPhase section */
		5CD22E08201EC070002B227B /* Frameworks */ = {
			isa = PBXFrameworksBuildPhase;
			buildActionMask = 2147483647;
			files = (
			);
			runOnlyForDeploymentPostprocessing = 0;
		};
		5CD22E21201EC070002B227B /* Frameworks */ = {
			isa = PBXFrameworksBuildPhase;
			buildActionMask = 2147483647;
			files = (
			);
			runOnlyForDeploymentPostprocessing = 0;
		};
		5CD22E2C201EC070002B227B /* Frameworks */ = {
			isa = PBXFrameworksBuildPhase;
			buildActionMask = 2147483647;
			files = (
			);
			runOnlyForDeploymentPostprocessing = 0;
		};
/* End PBXFrameworksBuildPhase section */

/* Begin PBXGroup section */
		5CD22E02201EC070002B227B = {
			isa = PBXGroup;
			children = (
				5CD22E0D201EC070002B227B /* HeHeThirdCode */,
				5CD22E27201EC070002B227B /* HeHeThirdCodeTests */,
				5CD22E32201EC070002B227B /* HeHeThirdCodeUITests */,
				5CD22E0C201EC070002B227B /* Products */,
			);
			sourceTree = "<group>";
		};
		5CD22E0C201EC070002B227B /* Products */ = {
			isa = PBXGroup;
			children = (
				5CD22E0B201EC070002B227B /* HeHeThirdCode.app */,
				5CD22E24201EC070002B227B /* HeHeThirdCodeTests.xctest */,
				5CD22E2F201EC070002B227B /* HeHeThirdCodeUITests.xctest */,
			);
			name = Products;
			sourceTree = "<group>";
		};
		5CD22E0D201EC070002B227B /* HeHeThirdCode */ = {
			isa = PBXGroup;
			children = (
				5CD22E11201EC070002B227B /* AppDelegate.h */,
				5CD22E12201EC070002B227B /* AppDelegate.m */,
				5CD22E14201EC070002B227B /* ViewController.h */,
				5CD22E15201EC070002B227B /* ViewController.m */,
				5CD22E17201EC070002B227B /* Main.storyboard */,
				5CD22E1A201EC070002B227B /* Assets.xcassets */,
				5CD22E1C201EC070002B227B /* LaunchScreen.storyboard */,
				5CD22E1F201EC070002B227B /* Info.plist */,
				5CD22E0E201EC070002B227B /* Supporting Files */,
			);
			path = HeHeThirdCode;
			sourceTree = "<group>";
		};
		5CD22E0E201EC070002B227B /* Supporting Files */ = {
			isa = PBXGroup;
			children = (
				5CD22E0F201EC070002B227B /* main.m */,
			);
			name = "Supporting Files";
			sourceTree = "<group>";
		};
		5CD22E27201EC070002B227B /* HeHeThirdCodeTests */ = {
			isa = PBXGroup;
			children = (
				5CD22E28201EC070002B227B /* HeHeThirdCodeTests.m */,
				5CD22E2A201EC070002B227B /* Info.plist */,
			);
			path = HeHeThirdCodeTests;
			sourceTree = "<group>";
		};
		5CD22E32201EC070002B227B /* HeHeThirdCodeUITests */ = {
			isa = PBXGroup;
			children = (
				5CD22E33201EC070002B227B /* HeHeThirdCodeUITests.m */,
				5CD22E35201EC070002B227B /* Info.plist */,
			);
			path = HeHeThirdCodeUITests;
			sourceTree = "<group>";
		};
/* End PBXGroup section */

/* Begin PBXNativeTarget section */
		5CD22E0A201EC070002B227B /* HeHeThirdCode */ = {
			isa = PBXNativeTarget;
			buildConfigurationList = 5CD22E38201EC070002B227B /* Build configuration list for PBXNativeTarget "HeHeThirdCode" */;
			buildPhases = (
				5CD22E07201EC070002B227B /* Sources */,
				5CD22E08201EC070002B227B /* Frameworks */,
				5CD22E09201EC070002B227B /* Resources */,
			);
			buildRules = (
			);
			dependencies = (
			);
			name = HeHeThirdCode;
			productName = HeHeThirdCode;
			productReference = 5CD22E0B201EC070002B227B /* HeHeThirdCode.app */;
			productType = "com.apple.product-type.application";
		};
		5CD22E23201EC070002B227B /* HeHeThirdCodeTests */ = {
			isa = PBXNativeTarget;
			buildConfigurationList = 5CD22E3B201EC070002B227B /* Build configuration list for PBXNativeTarget "HeHeThirdCodeTests" */;
			buildPhases = (
				5CD22E20201EC070002B227B /* Sources */,
				5CD22E21201EC070002B227B /* Frameworks */,
				5CD22E22201EC070002B227B /* Resources */,
			);
			buildRules = (
			);
			dependencies = (
				5CD22E26201EC070002B227B /* PBXTargetDependency */,
			);
			name = HeHeThirdCodeTests;
			productName = HeHeThirdCodeTests;
			productReference = 5CD22E24201EC070002B227B /* HeHeThirdCodeTests.xctest */;
			productType = "com.apple.product-type.bundle.unit-test";
		};
		5CD22E2E201EC070002B227B /* HeHeThirdCodeUITests */ = {
			isa = PBXNativeTarget;
			buildConfigurationList = 5CD22E3E201EC070002B227B /* Build configuration list for PBXNativeTarget "HeHeThirdCodeUITests" */;
			buildPhases = (
				5CD22E2B201EC070002B227B /* Sources */,
				5CD22E2C201EC070002B227B /* Frameworks */,
				5CD22E2D201EC070002B227B /* Resources */,
			);
			buildRules = (
			);
			dependencies = (
				5CD22E31201EC070002B227B /* PBXTargetDependency */,
			);
			name = HeHeThirdCodeUITests;
			productName = HeHeThirdCodeUITests;
			productReference = 5CD22E2F201EC070002B227B /* HeHeThirdCodeUITests.xctest */;
			productType = "com.apple.product-type.bundle.ui-testing";
		};
/* End PBXNativeTarget section */

/* Begin PBXProject section */
		5CD22E03201EC070002B227B /* Project object */ = {
			isa = PBXProject;
			attributes = {
				LastUpgradeCheck = 0830;
				ORGANIZATIONNAME = ycb;
				TargetAttributes = {
					5CD22E0A201EC070002B227B = {
						CreatedOnToolsVersion = 8.3.3;
						ProvisioningStyle = Automatic;
					};
					5CD22E23201EC070002B227B = {
						CreatedOnToolsVersion = 8.3.3;
						ProvisioningStyle = Automatic;
						TestTargetID = 5CD22E0A201EC070002B227B;
					};
					5CD22E2E201EC070002B227B = {
						CreatedOnToolsVersion = 8.3.3;
						ProvisioningStyle = Automatic;
						TestTargetID = 5CD22E0A201EC070002B227B;
					};
				};
			};
			buildConfigurationList = 5CD22E06201EC070002B227B /* Build configuration list for PBXProject "HeHeThirdCode" */;
			compatibilityVersion = "Xcode 3.2";
			developmentRegion = English;
			hasScannedForEncodings = 0;
			knownRegions = (
				en,
				Base,
			);
			mainGroup = 5CD22E02201EC070002B227B;
			productRefGroup = 5CD22E0C201EC070002B227B /* Products */;
			projectDirPath = "";
			projectRoot = "";
			targets = (
				5CD22E0A201EC070002B227B /* HeHeThirdCode */,
				5CD22E23201EC070002B227B /* HeHeThirdCodeTests */,
				5CD22E2E201EC070002B227B /* HeHeThirdCodeUITests */,
			);
		};
/* End PBXProject section */

/* Begin PBXResourcesBuildPhase section */
		5CD22E09201EC070002B227B /* Resources */ = {
			isa = PBXResourcesBuildPhase;
			buildActionMask = 2147483647;
			files = (
				5CD22E1E201EC070002B227B /* LaunchScreen.storyboard in Resources */,
				5CD22E1B201EC070002B227B /* Assets.xcassets in Resources */,
				5CD22E19201EC070002B227B /* Main.storyboard in Resources */,
			);
			runOnlyForDeploymentPostprocessing = 0;
		};
		5CD22E22201EC070002B227B /* Resources */ = {
			isa = PBXResourcesBuildPhase;
			buildActionMask = 2147483647;
			files = (
			);
			runOnlyForDeploymentPostprocessing = 0;
		};
		5CD22E2D201EC070002B227B /* Resources */ = {
			isa = PBXResourcesBuildPhase;
			buildActionMask = 2147483647;
			files = (
			);
			runOnlyForDeploymentPostprocessing = 0;
		};
/* End PBXResourcesBuildPhase section */

/* Begin PBXSourcesBuildPhase section */
		5CD22E07201EC070002B227B /* Sources */ = {
			isa = PBXSourcesBuildPhase;
			buildActionMask = 2147483647;
			files = (
				5CD22E16201EC070002B227B /* ViewController.m in Sources */,
				5CD22E13201EC070002B227B /* AppDelegate.m in Sources */,
				5CD22E10201EC070002B227B /* main.m in Sources */,
			);
			runOnlyForDeploymentPostprocessing = 0;
		};
		5CD22E20201EC070002B227B /* Sources */ = {
			isa = PBXSourcesBuildPhase;
			buildActionMask = 2147483647;
			files = (
				5CD22E29201EC070002B227B /* HeHeThirdCodeTests.m in Sources */,
			);
			runOnlyForDeploymentPostprocessing = 0;
		};
		5CD22E2B201EC070002B227B /* Sources */ = {
			isa = PBXSourcesBuildPhase;
			buildActionMask = 2147483647;
			files = (
				5CD22E34201EC070002B227B /* HeHeThirdCodeUITests.m in Sources */,
			);
			runOnlyForDeploymentPostprocessing = 0;
		};
/* End PBXSourcesBuildPhase section */

/* Begin PBXTargetDependency section */
		5CD22E26201EC070002B227B /* PBXTargetDependency */ = {
			isa = PBXTargetDependency;
			target = 5CD22E0A201EC070002B227B /* HeHeThirdCode */;
			targetProxy = 5CD22E25201EC070002B227B /* PBXContainerItemProxy */;
		};
		5CD22E31201EC070002B227B /* PBXTargetDependency */ = {
			isa = PBXTargetDependency;
			target = 5CD22E0A201EC070002B227B /* HeHeThirdCode */;
			targetProxy = 5CD22E30201EC070002B227B /* PBXContainerItemProxy */;
		};
/* End PBXTargetDependency section */

/* Begin PBXVariantGroup section */
		5CD22E17201EC070002B227B /* Main.storyboard */ = {
			isa = PBXVariantGroup;
			children = (
				5CD22E18201EC070002B227B /* Base */,
			);
			name = Main.storyboard;
			sourceTree = "<group>";
		};
		5CD22E1C201EC070002B227B /* LaunchScreen.storyboard */ = {
			isa = PBXVariantGroup;
			children = (
				5CD22E1D201EC070002B227B /* Base */,
			);
			name = LaunchScreen.storyboard;
			sourceTree = "<group>";
		};
/* End PBXVariantGroup section */

/* Begin XCBuildConfiguration section */
		5CD22E36201EC070002B227B /* Debug */ = {
			isa = XCBuildConfiguration;
			buildSettings = {
				ALWAYS_SEARCH_USER_PATHS = NO;
				CLANG_ANALYZER_NONNULL = YES;
				CLANG_ANALYZER_NUMBER_OBJECT_CONVERSION = YES_AGGRESSIVE;
				CLANG_CXX_LANGUAGE_STANDARD = "gnu++0x";
				CLANG_CXX_LIBRARY = "libc++";
				CLANG_ENABLE_MODULES = YES;
				CLANG_ENABLE_OBJC_ARC = YES;
				CLANG_WARN_BOOL_CONVERSION = YES;
				CLANG_WARN_CONSTANT_CONVERSION = YES;
				CLANG_WARN_DIRECT_OBJC_ISA_USAGE = YES_ERROR;
				CLANG_WARN_DOCUMENTATION_COMMENTS = YES;
				CLANG_WARN_EMPTY_BODY = YES;
				CLANG_WARN_ENUM_CONVERSION = YES;
				CLANG_WARN_INFINITE_RECURSION = YES;
				CLANG_WARN_INT_CONVERSION = YES;
				CLANG_WARN_OBJC_ROOT_CLASS = YES_ERROR;
				CLANG_WARN_SUSPICIOUS_MOVE = YES;
				CLANG_WARN_UNREACHABLE_CODE = YES;
				CLANG_WARN__DUPLICATE_METHOD_MATCH = YES;
				"CODE_SIGN_IDENTITY[sdk=iphoneos*]" = "iPhone Developer";
				COPY_PHASE_STRIP = NO;
				DEBUG_INFORMATION_FORMAT = dwarf;
				ENABLE_STRICT_OBJC_MSGSEND = YES;
				ENABLE_TESTABILITY = YES;
				GCC_C_LANGUAGE_STANDARD = gnu99;
				GCC_DYNAMIC_NO_PIC = NO;
				GCC_NO_COMMON_BLOCKS = YES;
				GCC_OPTIMIZATION_LEVEL = 0;
				GCC_PREPROCESSOR_DEFINITIONS = (
					"DEBUG=1",
					"$(inherited)",
				);
				GCC_WARN_64_TO_32_BIT_CONVERSION = YES;
				GCC_WARN_ABOUT_RETURN_TYPE = YES_ERROR;
				GCC_WARN_UNDECLARED_SELECTOR = YES;
				GCC_WARN_UNINITIALIZED_AUTOS = YES_AGGRESSIVE;
				GCC_WARN_UNUSED_FUNCTION = YES;
				GCC_WARN_UNUSED_VARIABLE = YES;
				IPHONEOS_DEPLOYMENT_TARGET = 10.3;
				MTL_ENABLE_DEBUG_INFO = YES;
				ONLY_ACTIVE_ARCH = YES;
				SDKROOT = iphoneos;
			};
			name = Debug;
		};
		5CD22E37201EC070002B227B /* Release */ = {
			isa = XCBuildConfiguration;
			buildSettings = {
				ALWAYS_SEARCH_USER_PATHS = NO;
				CLANG_ANALYZER_NONNULL = YES;
				CLANG_ANALYZER_NUMBER_OBJECT_CONVERSION = YES_AGGRESSIVE;
				CLANG_CXX_LANGUAGE_STANDARD = "gnu++0x";
				CLANG_CXX_LIBRARY = "libc++";
				CLANG_ENABLE_MODULES = YES;
				CLANG_ENABLE_OBJC_ARC = YES;
				CLANG_WARN_BOOL_CONVERSION = YES;
				CLANG_WARN_CONSTANT_CONVERSION = YES;
				CLANG_WARN_DIRECT_OBJC_ISA_USAGE = YES_ERROR;
				CLANG_WARN_DOCUMENTATION_COMMENTS = YES;
				CLANG_WARN_EMPTY_BODY = YES;
				CLANG_WARN_ENUM_CONVERSION = YES;
				CLANG_WARN_INFINITE_RECURSION = YES;
				CLANG_WARN_INT_CONVERSION = YES;
				CLANG_WARN_OBJC_ROOT_CLASS = YES_ERROR;
				CLANG_WARN_SUSPICIOUS_MOVE = YES;
				CLANG_WARN_UNREACHABLE_CODE = YES;
				CLANG_WARN__DUPLICATE_METHOD_MATCH = YES;
				"CODE_SIGN_IDENTITY[sdk=iphoneos*]" = "iPhone Developer";
				COPY_PHASE_STRIP = NO;
				DEBUG_INFORMATION_FORMAT = "dwarf-with-dsym";
				ENABLE_NS_ASSERTIONS = NO;
				ENABLE_STRICT_OBJC_MSGSEND = YES;
				GCC_C_LANGUAGE_STANDARD = gnu99;
				GCC_NO_COMMON_BLOCKS = YES;
				GCC_WARN_64_TO_32_BIT_CONVERSION = YES;
				GCC_WARN_ABOUT_RETURN_TYPE = YES_ERROR;
				GCC_WARN_UNDECLARED_SELECTOR = YES;
				GCC_WARN_UNINITIALIZED_AUTOS = YES_AGGRESSIVE;
				GCC_WARN_UNUSED_FUNCTION = YES;
				GCC_WARN_UNUSED_VARIABLE = YES;
				IPHONEOS_DEPLOYMENT_TARGET = 10.3;
				MTL_ENABLE_DEBUG_INFO = NO;
				SDKROOT = iphoneos;
				VALIDATE_PRODUCT = YES;
			};
			name = Release;
		};
		5CD22E39201EC070002B227B /* Debug */ = {
			isa = XCBuildConfiguration;
			buildSettings = {
				ASSETCATALOG_COMPILER_APPICON_NAME = AppIcon;
				INFOPLIST_FILE = HeHeThirdCode/Info.plist;
				LD_RUNPATH_SEARCH_PATHS = "$(inherited) @executable_path/Frameworks";
				PRODUCT_BUNDLE_IDENTIFIER = a.HeHeThirdCode;
				PRODUCT_NAME = "$(TARGET_NAME)";
			};
			name = Debug;
		};
		5CD22E3A201EC070002B227B /* Release */ = {
			isa = XCBuildConfiguration;
			buildSettings = {
				ASSETCATALOG_COMPILER_APPICON_NAME = AppIcon;
				INFOPLIST_FILE = HeHeThirdCode/Info.plist;
				LD_RUNPATH_SEARCH_PATHS = "$(inherited) @executable_path/Frameworks";
				PRODUCT_BUNDLE_IDENTIFIER = a.HeHeThirdCode;
				PRODUCT_NAME = "$(TARGET_NAME)";
			};
			name = Release;
		};
		5CD22E3C201EC070002B227B /* Debug */ = {
			isa = XCBuildConfiguration;
			buildSettings = {
				BUNDLE_LOADER = "$(TEST_HOST)";
				INFOPLIST_FILE = HeHeThirdCodeTests/Info.plist;
				LD_RUNPATH_SEARCH_PATHS = "$(inherited) @executable_path/Frameworks @loader_path/Frameworks";
				PRODUCT_BUNDLE_IDENTIFIER = a.HeHeThirdCodeTests;
				PRODUCT_NAME = "$(TARGET_NAME)";
				TEST_HOST = "$(BUILT_PRODUCTS_DIR)/HeHeThirdCode.app/HeHeThirdCode";
			};
			name = Debug;
		};
		5CD22E3D201EC070002B227B /* Release */ = {
			isa = XCBuildConfiguration;
			buildSettings = {
				BUNDLE_LOADER = "$(TEST_HOST)";
				INFOPLIST_FILE = HeHeThirdCodeTests/Info.plist;
				LD_RUNPATH_SEARCH_PATHS = "$(inherited) @executable_path/Frameworks @loader_path/Frameworks";
				PRODUCT_BUNDLE_IDENTIFIER = a.HeHeThirdCodeTests;
				PRODUCT_NAME = "$(TARGET_NAME)";
				TEST_HOST = "$(BUILT_PRODUCTS_DIR)/HeHeThirdCode.app/HeHeThirdCode";
			};
			name = Release;
		};
		5CD22E3F201EC070002B227B /* Debug */ = {
			isa = XCBuildConfiguration;
			buildSettings = {
				INFOPLIST_FILE = HeHeThirdCodeUITests/Info.plist;
				LD_RUNPATH_SEARCH_PATHS = "$(inherited) @executable_path/Frameworks @loader_path/Frameworks";
				PRODUCT_BUNDLE_IDENTIFIER = a.HeHeThirdCodeUITests;
				PRODUCT_NAME = "$(TARGET_NAME)";
				TEST_TARGET_NAME = HeHeThirdCode;
			};
			name = Debug;
		};
		5CD22E40201EC070002B227B /* Release */ = {
			isa = XCBuildConfiguration;
			buildSettings = {
				INFOPLIST_FILE = HeHeThirdCodeUITests/Info.plist;
				LD_RUNPATH_SEARCH_PATHS = "$(inherited) @executable_path/Frameworks @loader_path/Frameworks";
				PRODUCT_BUNDLE_IDENTIFIER = a.HeHeThirdCodeUITests;
				PRODUCT_NAME = "$(TARGET_NAME)";
				TEST_TARGET_NAME = HeHeThirdCode;
			};
			name = Release;
		};
/* End XCBuildConfiguration section */

/* Begin XCConfigurationList section */
		5CD22E06201EC070002B227B /* Build configuration list for PBXProject "HeHeThirdCode" */ = {
			isa = XCConfigurationList;
			buildConfigurations = (
				5CD22E36201EC070002B227B /* Debug */,
				5CD22E37201EC070002B227B /* Release */,
			);
			defaultConfigurationIsVisible = 0;
			defaultConfigurationName = Release;
		};
		5CD22E38201EC070002B227B /* Build configuration list for PBXNativeTarget "HeHeThirdCode" */ = {
			isa = XCConfigurationList;
			buildConfigurations = (
				5CD22E39201EC070002B227B /* Debug */,
				5CD22E3A201EC070002B227B /* Release */,
			);
			defaultConfigurationIsVisible = 0;
		};
		5CD22E3B201EC070002B227B /* Build configuration list for PBXNativeTarget "HeHeThirdCodeTests" */ = {
			isa = XCConfigurationList;
			buildConfigurations = (
				5CD22E3C201EC070002B227B /* Debug */,
				5CD22E3D201EC070002B227B /* Release */,
			);
			defaultConfigurationIsVisible = 0;
		};
		5CD22E3E201EC070002B227B /* Build configuration list for PBXNativeTarget "HeHeThirdCodeUITests" */ = {
			isa = XCConfigurationList;
			buildConfigurations = (
				5CD22E3F201EC070002B227B /* Debug */,
				5CD22E40201EC070002B227B /* Release */,
			);
			defaultConfigurationIsVisible = 0;
		};
/* End XCConfigurationList section */
	};
	rootObject = 5CD22E03201EC070002B227B /* Project object */;
}
